PODS:
  - Flutter (1.0.0)
  - Rokt-Widget (3.6.2)
  - rokt_sdk (0.0.1):
    - Flutter
    - Rokt-Widget (~> 3.6.2)

DEPENDENCIES:
  - Flutter (from `Flutter`)
  - rokt_sdk (from `.symlinks/plugins/rokt_sdk/ios`)

SPEC REPOS:
  trunk:
    - Rokt-Widget

EXTERNAL SOURCES:
  Flutter:
    :path: Flutter
  rokt_sdk:
    :path: ".symlinks/plugins/rokt_sdk/ios"

SPEC CHECKSUMS:
  Flutter: 50d75fe2f02b26cc09d224853bb45737f8b3214a
  Rokt-Widget: a4da0ea5562c47fadb2c4a5f04c7ccb03ac3f80e
  rokt_sdk: b610f25ebb89883de905b49382b9f8987d4728ad

PODFILE CHECKSUM: aafe91acc616949ddb318b77800a7f51bffa2a4c

COCOAPODS: 1.11.2
